
Microsoft Visual Studio Solution File, Format Version 12.00
# Visual Studio 2012
Project("{FAE04EC0-301F-11D3-BF4B-00C04F79EFBC}") = "Tabby.Client", "Source\Tabby.Client\Tabby.Client.csproj", "{2645621B-F3DA-46D0-B71F-2D757A8D4DC0}"
EndProject
Project("{FAE04EC0-301F-11D3-BF4B-00C04F79EFBC}") = "Taddy.BusinessLogic", "Source\Taddy.BusinessLogic\Taddy.BusinessLogic.csproj", "{B0948C51-8E8D-43D9-BA0A-C31E8A6423C4}"
EndProject
Project("{FAE04EC0-301F-11D3-BF4B-00C04F79EFBC}") = "Tabby.Dal", "Source\Tabby.Dal\Tabby.Dal.csproj", "{035E2ACA-31CB-4339-B83D-71012A44EA67}"
EndProject
Project("{FAE04EC0-301F-11D3-BF4B-00C04F79EFBC}") = "Tabby.Tests", "Source\Tabby.Tests\Tabby.Tests.csproj", "{9706D167-0CAD-4DA2-9770-8F4A08202AE5}"
EndProject
Project("{FAE04EC0-301F-11D3-BF4B-00C04F79EFBC}") = "Bijuu.Service", "Source\Bijuu.Service\Bijuu.Service.csproj", "{4DEE89F0-21EE-4873-A96F-1223D5B9B229}"
EndProject
Project("{FAE04EC0-301F-11D3-BF4B-00C04F79EFBC}") = "Bijuu.Server", "Source\Bijuu.Server\Bijuu.Server.csproj", "{CC265D8C-65CE-4217-83E0-AB6B81C5E2E2}"
EndProject
Global
	GlobalSection(SolutionConfigurationPlatforms) = preSolution
		Debug|Any CPU = Debug|Any CPU
		Release|Any CPU = Release|Any CPU
	EndGlobalSection
	GlobalSection(ProjectConfigurationPlatforms) = postSolution
		{2645621B-F3DA-46D0-B71F-2D757A8D4DC0}.Debug|Any CPU.ActiveCfg = Debug|Any CPU
		{2645621B-F3DA-46D0-B71F-2D757A8D4DC0}.Debug|Any CPU.Build.0 = Debug|Any CPU
		{2645621B-F3DA-46D0-B71F-2D757A8D4DC0}.Release|Any CPU.ActiveCfg = Release|Any CPU
		{2645621B-F3DA-46D0-B71F-2D757A8D4DC0}.Release|Any CPU.Build.0 = Release|Any CPU
		{B0948C51-8E8D-43D9-BA0A-C31E8A6423C4}.Debug|Any CPU.ActiveCfg = Debug|Any CPU
		{B0948C51-8E8D-43D9-BA0A-C31E8A6423C4}.Debug|Any CPU.Build.0 = Debug|Any CPU
		{B0948C51-8E8D-43D9-BA0A-C31E8A6423C4}.Release|Any CPU.ActiveCfg = Release|Any CPU
		{B0948C51-8E8D-43D9-BA0A-C31E8A6423C4}.Release|Any CPU.Build.0 = Release|Any CPU
		{035E2ACA-31CB-4339-B83D-71012A44EA67}.Debug|Any CPU.ActiveCfg = Debug|Any CPU
		{035E2ACA-31CB-4339-B83D-71012A44EA67}.Debug|Any CPU.Build.0 = Debug|Any CPU
		{035E2ACA-31CB-4339-B83D-71012A44EA67}.Release|Any CPU.ActiveCfg = Release|Any CPU
		{035E2ACA-31CB-4339-B83D-71012A44EA67}.Release|Any CPU.Build.0 = Release|Any CPU
		{9706D167-0CAD-4DA2-9770-8F4A08202AE5}.Debug|Any CPU.ActiveCfg = Debug|Any CPU
		{9706D167-0CAD-4DA2-9770-8F4A08202AE5}.Debug|Any CPU.Build.0 = Debug|Any CPU
		{9706D167-0CAD-4DA2-9770-8F4A08202AE5}.Release|Any CPU.ActiveCfg = Release|Any CPU
		{9706D167-0CAD-4DA2-9770-8F4A08202AE5}.Release|Any CPU.Build.0 = Release|Any CPU
		{4DEE89F0-21EE-4873-A96F-1223D5B9B229}.Debug|Any CPU.ActiveCfg = Debug|Any CPU
		{4DEE89F0-21EE-4873-A96F-1223D5B9B229}.Debug|Any CPU.Build.0 = Debug|Any CPU
		{4DEE89F0-21EE-4873-A96F-1223D5B9B229}.Release|Any CPU.ActiveCfg = Release|Any CPU
		{4DEE89F0-21EE-4873-A96F-1223D5B9B229}.Release|Any CPU.Build.0 = Release|Any CPU
		{CC265D8C-65CE-4217-83E0-AB6B81C5E2E2}.Debug|Any CPU.ActiveCfg = Debug|Any CPU
		{CC265D8C-65CE-4217-83E0-AB6B81C5E2E2}.Debug|Any CPU.Build.0 = Debug|Any CPU
		{CC265D8C-65CE-4217-83E0-AB6B81C5E2E2}.Release|Any CPU.ActiveCfg = Release|Any CPU
		{CC265D8C-65CE-4217-83E0-AB6B81C5E2E2}.Release|Any CPU.Build.0 = Release|Any CPU
	EndGlobalSection
	GlobalSection(SolutionProperties) = preSolution
		HideSolutionNode = FALSE
	EndGlobalSection
EndGlobal
